
Microsoft Visual Studio Solution File, Format Version 12.00
# Visual Studio Version 16
VisualStudioVersion = 16.0.30621.155
MinimumVisualStudioVersion = 10.0.40219.1
Project("{FAE04EC0-301F-11D3-BF4B-00C04F79EFBC}") = "ServiceReservasi", "ServiceReservasi\ServiceReservasi.csproj", "{6A256FAB-1A75-4B1D-98FB-1752F7C64F6C}"
EndProject
Global
	GlobalSection(SolutionConfigurationPlatforms) = preSolution
		Debug|Any CPU = Debug|Any CPU
		Release|Any CPU = Release|Any CPU
	EndGlobalSection
	GlobalSection(ProjectConfigurationPlatforms) = postSolution
		{6A256FAB-1A75-4B1D-98FB-1752F7C64F6C}.Debug|Any CPU.ActiveCfg = Debug|Any CPU
		{6A256FAB-1A75-4B1D-98FB-1752F7C64F6C}.Debug|Any CPU.Build.0 = Debug|Any CPU
		{6A256FAB-1A75-4B1D-98FB-1752F7C64F6C}.Release|Any CPU.ActiveCfg = Release|Any CPU
		{6A256FAB-1A75-4B1D-98FB-1752F7C64F6C}.Release|Any CPU.Build.0 = Release|Any CPU
	EndGlobalSection
	GlobalSection(SolutionProperties) = preSolution
		HideSolutionNode = FALSE
	EndGlobalSection
	GlobalSection(ExtensibilityGlobals) = postSolution
		SolutionGuid = {D834E6FC-1387-4F56-9250-CBC7391D8D76}
	EndGlobalSection
EndGlobal
